
Microsoft Visual Studio Solution File, Format Version 12.00
# Visual Studio Version 17
VisualStudioVersion = 17.11.35327.3
MinimumVisualStudioVersion = 10.0.40219.1
Project("{FAE04EC0-301F-11D3-BF4B-00C04F79EFBC}") = "WpfZooManager", "WpfZooManager.csproj", "{410AB19F-108C-47C6-997F-AAAE3C9654ED}"
EndProject
Global
	GlobalSection(SolutionConfigurationPlatforms) = preSolution
		Debug|Any CPU = Debug|Any CPU
		Release|Any CPU = Release|Any CPU
	EndGlobalSection
	GlobalSection(ProjectConfigurationPlatforms) = postSolution
		{410AB19F-108C-47C6-997F-AAAE3C9654ED}.Debug|Any CPU.ActiveCfg = Debug|Any CPU
		{410AB19F-108C-47C6-997F-AAAE3C9654ED}.Debug|Any CPU.Build.0 = Debug|Any CPU
		{410AB19F-108C-47C6-997F-AAAE3C9654ED}.Release|Any CPU.ActiveCfg = Release|Any CPU
		{410AB19F-108C-47C6-997F-AAAE3C9654ED}.Release|Any CPU.Build.0 = Release|Any CPU
	EndGlobalSection
	GlobalSection(SolutionProperties) = preSolution
		HideSolutionNode = FALSE
	EndGlobalSection
	GlobalSection(ExtensibilityGlobals) = postSolution
		SolutionGuid = {5CE86C08-2D83-4CCB-BBD6-C56BECEA16F1}
	EndGlobalSection
EndGlobal
